
Microsoft Visual Studio Solution File, Format Version 12.00
# Visual Studio Version 17
VisualStudioVersion = 17.14.36414.22 d17.14
MinimumVisualStudioVersion = 10.0.40219.1
Project("{FAE04EC0-301F-11D3-BF4B-00C04F79EFBC}") = "Pythagoras", "ModelThings\Pythagoras.csproj", "{479524C5-F0FE-4340-B955-8872834145C4}"
EndProject
Global
	GlobalSection(SolutionConfigurationPlatforms) = preSolution
		Debug|Any CPU = Debug|Any CPU
		Release|Any CPU = Release|Any CPU
	EndGlobalSection
	GlobalSection(ProjectConfigurationPlatforms) = postSolution
		{479524C5-F0FE-4340-B955-8872834145C4}.Debug|Any CPU.ActiveCfg = Debug|Any CPU
		{479524C5-F0FE-4340-B955-8872834145C4}.Debug|Any CPU.Build.0 = Debug|Any CPU
		{479524C5-F0FE-4340-B955-8872834145C4}.Release|Any CPU.ActiveCfg = Release|Any CPU
		{479524C5-F0FE-4340-B955-8872834145C4}.Release|Any CPU.Build.0 = Release|Any CPU
	EndGlobalSection
	GlobalSection(SolutionProperties) = preSolution
		HideSolutionNode = FALSE
	EndGlobalSection
	GlobalSection(ExtensibilityGlobals) = postSolution
		SolutionGuid = {D76F7B42-1F28-4889-8C35-C0FFCE4982DF}
	EndGlobalSection
EndGlobal
